
Microsoft Visual Studio Solution File, Format Version 12.00
# Visual Studio Version 17
VisualStudioVersion = 17.10.35004.147
MinimumVisualStudioVersion = 10.0.40219.1
Project("{FAE04EC0-301F-11D3-BF4B-00C04F79EFBC}") = "WebApplicationCV", "WebApplicationCV\WebApplicationCV.csproj", "{0B982156-FB81-4EEA-A77E-F9A1F55FA919}"
EndProject
Project("{9A19103F-16F7-4668-BE54-9A1E7A4F7556}") = "ConsoleAppCV", "..\ConsoleAppCV\ConsoleAppCV\ConsoleAppCV.csproj", "{60132FEA-1984-49C3-8CF9-8DA3C32B8D65}"
EndProject
Global
	GlobalSection(SolutionConfigurationPlatforms) = preSolution
		Debug|Any CPU = Debug|Any CPU
		Release|Any CPU = Release|Any CPU
	EndGlobalSection
	GlobalSection(ProjectConfigurationPlatforms) = postSolution
		{0B982156-FB81-4EEA-A77E-F9A1F55FA919}.Debug|Any CPU.ActiveCfg = Debug|Any CPU
		{0B982156-FB81-4EEA-A77E-F9A1F55FA919}.Debug|Any CPU.Build.0 = Debug|Any CPU
		{0B982156-FB81-4EEA-A77E-F9A1F55FA919}.Release|Any CPU.ActiveCfg = Release|Any CPU
		{0B982156-FB81-4EEA-A77E-F9A1F55FA919}.Release|Any CPU.Build.0 = Release|Any CPU
		{60132FEA-1984-49C3-8CF9-8DA3C32B8D65}.Debug|Any CPU.ActiveCfg = Debug|Any CPU
		{60132FEA-1984-49C3-8CF9-8DA3C32B8D65}.Debug|Any CPU.Build.0 = Debug|Any CPU
		{60132FEA-1984-49C3-8CF9-8DA3C32B8D65}.Release|Any CPU.ActiveCfg = Release|Any CPU
		{60132FEA-1984-49C3-8CF9-8DA3C32B8D65}.Release|Any CPU.Build.0 = Release|Any CPU
	EndGlobalSection
	GlobalSection(SolutionProperties) = preSolution
		HideSolutionNode = FALSE
	EndGlobalSection
	GlobalSection(ExtensibilityGlobals) = postSolution
		SolutionGuid = {BE536595-511A-4129-A038-7CF018C53491}
	EndGlobalSection
EndGlobal
